{
  "name": "@adgad/n-ui",
  "version": "3.0.0",
  "lockfileVersion": 1,
  "requires": true,
  "dependencies": {
    "@adgad/n-express": {
      "version": "1.0.3",
      "resolved": "https://registry.npmjs.org/@adgad/n-express/-/n-express-1.0.3.tgz",
      "integrity": "sha512-fHjbHkG9MSwsEnjtQoykpxd56uAAVNuZ6qoqKne6yHHVy2d9goMwijtY3gPiMc+QfnCW65ZCLMROuqHKUdqQPQ=="
    },
    "@adgad/third-party-subdep": {
      "version": "1.0.0",
      "resolved": "https://registry.npmjs.org/@adgad/third-party-subdep/-/third-party-subdep-1.0.0.tgz",
      "integrity": "sha512-Mcjf5nh/+WCa+kF8nt7eCEh0zZI4bMFvwMZi9E9rPo8YbZ3qpNS/Un4bQuU/hkbpd1/kYLiVEvlLtcyeyYAScQ=="
    }
  }
}
