{
  "name": "@adgad/my-app",
  "version": "3.0.0",
  "lockfileVersion": 1,
  "requires": true,
  "dependencies": {
    "@adgad/n-express": {
      "version": "1.0.3",
      "resolved": "https://registry.npmjs.org/@adgad/n-express/-/n-express-1.0.3.tgz",
      "integrity": "sha512-fHjbHkG9MSwsEnjtQoykpxd56uAAVNuZ6qoqKne6yHHVy2d9goMwijtY3gPiMc+QfnCW65ZCLMROuqHKUdqQPQ=="
    },
    "@adgad/n-ui": {
      "version": "1.3.0",
      "resolved": "https://registry.npmjs.org/@adgad/n-ui/-/n-ui-1.3.0.tgz",
      "integrity": "sha512-OwSwY80GaN+Cv51OuxTIGKG36s8NT/pkhJYSWVOQ72g7P2Tpe1hroD5kiAMuP9uKczpMqe0tk5f02tw8b0glgw==",
      "requires": {
        "@adgad/n-express": "^1.0.0",
        "@adgad/third-party-subdep": "^1.0.0"
      }
    },
    "@adgad/third-party-dep": {
      "version": "1.3.0",
      "resolved": "https://registry.npmjs.org/@adgad/third-party-dep/-/third-party-dep-1.3.0.tgz",
      "integrity": "sha512-F/VdHWeVct8JVWnoJpONWeCqwp1C/M512wbvhmYI9B8GQQGmlZGqGQZWw5IpY7Mrdy7TLq2tIdlWmE1H2HFlGg=="
    },
    "@adgad/third-party-subdep": {
      "version": "1.0.0",
      "resolved": "https://registry.npmjs.org/@adgad/third-party-subdep/-/third-party-subdep-1.0.0.tgz",
      "integrity": "sha512-Mcjf5nh/+WCa+kF8nt7eCEh0zZI4bMFvwMZi9E9rPo8YbZ3qpNS/Un4bQuU/hkbpd1/kYLiVEvlLtcyeyYAScQ=="
    }
  }
}
